// !$*UTF8*$!
{
	archiveVersion = 1;
	classes = {
	};
	objectVersion = 56;
	objects = {

/* Begin PBXBuildFile section */
		ED6D3242291C25130005FC6D /* BioModel.swift in Sources */ = {isa = PBXBuildFile; fileRef = ED6D3241291C25130005FC6D /* BioModel.swift */; };
		ED6D3244291C34AD0005FC6D /* ResumeViewController.swift in Sources */ = {isa = PBXBuildFile; fileRef = ED6D3243291C34AD0005FC6D /* ResumeViewController.swift */; };
		ED6D3246291C34E30005FC6D /* BioViewController.swift in Sources */ = {isa = PBXBuildFile; fileRef = ED6D3245291C34E30005FC6D /* BioViewController.swift */; };
		ED6D324C291C46650005FC6D /* Extensions.swift in Sources */ = {isa = PBXBuildFile; fileRef = ED6D324B291C46650005FC6D /* Extensions.swift */; };
		ED8AEEEF291818DB00C0B070 /* AppDelegate.swift in Sources */ = {isa = PBXBuildFile; fileRef = ED8AEEEE291818DB00C0B070 /* AppDelegate.swift */; };
		ED8AEEF1291818DB00C0B070 /* SceneDelegate.swift in Sources */ = {isa = PBXBuildFile; fileRef = ED8AEEF0291818DB00C0B070 /* SceneDelegate.swift */; };
		ED8AEEF3291818DB00C0B070 /* LoginViewController.swift in Sources */ = {isa = PBXBuildFile; fileRef = ED8AEEF2291818DB00C0B070 /* LoginViewController.swift */; };
		ED8AEEF6291818DB00C0B070 /* Main.storyboard in Resources */ = {isa = PBXBuildFile; fileRef = ED8AEEF4291818DB00C0B070 /* Main.storyboard */; };
		ED8AEEF8291818DD00C0B070 /* Assets.xcassets in Resources */ = {isa = PBXBuildFile; fileRef = ED8AEEF7291818DD00C0B070 /* Assets.xcassets */; };
		ED8AEEFB291818DD00C0B070 /* LaunchScreen.storyboard in Resources */ = {isa = PBXBuildFile; fileRef = ED8AEEF9291818DD00C0B070 /* LaunchScreen.storyboard */; };
		ED8AEF032918274D00C0B070 /* WelcomeViewController.swift in Sources */ = {isa = PBXBuildFile; fileRef = ED8AEF022918274D00C0B070 /* WelcomeViewController.swift */; };
/* End PBXBuildFile section */

/* Begin PBXFileReference section */
		ED6D3241291C25130005FC6D /* BioModel.swift */ = {isa = PBXFileReference; lastKnownFileType = sourcecode.swift; path = BioModel.swift; sourceTree = "<group>"; };
		ED6D3243291C34AD0005FC6D /* ResumeViewController.swift */ = {isa = PBXFileReference; lastKnownFileType = sourcecode.swift; path = ResumeViewController.swift; sourceTree = "<group>"; };
		ED6D3245291C34E30005FC6D /* BioViewController.swift */ = {isa = PBXFileReference; lastKnownFileType = sourcecode.swift; path = BioViewController.swift; sourceTree = "<group>"; };
		ED6D324B291C46650005FC6D /* Extensions.swift */ = {isa = PBXFileReference; lastKnownFileType = sourcecode.swift; path = Extensions.swift; sourceTree = "<group>"; };
		ED8AEEEB291818DB00C0B070 /* UserView.app */ = {isa = PBXFileReference; explicitFileType = wrapper.application; includeInIndex = 0; path = UserView.app; sourceTree = BUILT_PRODUCTS_DIR; };
		ED8AEEEE291818DB00C0B070 /* AppDelegate.swift */ = {isa = PBXFileReference; lastKnownFileType = sourcecode.swift; path = AppDelegate.swift; sourceTree = "<group>"; };
		ED8AEEF0291818DB00C0B070 /* SceneDelegate.swift */ = {isa = PBXFileReference; lastKnownFileType = sourcecode.swift; path = SceneDelegate.swift; sourceTree = "<group>"; };
		ED8AEEF2291818DB00C0B070 /* LoginViewController.swift */ = {isa = PBXFileReference; lastKnownFileType = sourcecode.swift; path = LoginViewController.swift; sourceTree = "<group>"; };
		ED8AEEF5291818DB00C0B070 /* Base */ = {isa = PBXFileReference; lastKnownFileType = file.storyboard; name = Base; path = Base.lproj/Main.storyboard; sourceTree = "<group>"; };
		ED8AEEF7291818DD00C0B070 /* Assets.xcassets */ = {isa = PBXFileReference; lastKnownFileType = folder.assetcatalog; path = Assets.xcassets; sourceTree = "<group>"; };
		ED8AEEFA291818DD00C0B070 /* Base */ = {isa = PBXFileReference; lastKnownFileType = file.storyboard; name = Base; path = Base.lproj/LaunchScreen.storyboard; sourceTree = "<group>"; };
		ED8AEEFC291818DD00C0B070 /* Info.plist */ = {isa = PBXFileReference; lastKnownFileType = text.plist.xml; path = Info.plist; sourceTree = "<group>"; };
		ED8AEF022918274D00C0B070 /* WelcomeViewController.swift */ = {isa = PBXFileReference; lastKnownFileType = sourcecode.swift; path = WelcomeViewController.swift; sourceTree = "<group>"; };
/* End PBXFileReference section */

/* Begin PBXFrameworksBuildPhase section */
		ED8AEEE8291818DB00C0B070 /* Frameworks */ = {
			isa = PBXFrameworksBuildPhase;
			buildActionMask = 2147483647;
			files = (
			);
			runOnlyForDeploymentPostprocessing = 0;
		};
/* End PBXFrameworksBuildPhase section */

/* Begin PBXGroup section */
		ED6D3247291C44210005FC6D /* Auth */ = {
			isa = PBXGroup;
			children = (
				ED8AEEF2291818DB00C0B070 /* LoginViewController.swift */,
				ED8AEF022918274D00C0B070 /* WelcomeViewController.swift */,
			);
			path = Auth;
			sourceTree = "<group>";
		};
		ED6D3248291C445C0005FC6D /* User Info */ = {
			isa = PBXGroup;
			children = (
				ED6D3245291C34E30005FC6D /* BioViewController.swift */,
				ED6D3243291C34AD0005FC6D /* ResumeViewController.swift */,
			);
			path = "User Info";
			sourceTree = "<group>";
		};
		ED6D3249291C44900005FC6D /* App */ = {
			isa = PBXGroup;
			children = (
				ED8AEEEE291818DB00C0B070 /* AppDelegate.swift */,
				ED8AEEF0291818DB00C0B070 /* SceneDelegate.swift */,
				ED6D324B291C46650005FC6D /* Extensions.swift */,
			);
			path = App;
			sourceTree = "<group>";
		};
		ED6D324A291C44B50005FC6D /* Models */ = {
			isa = PBXGroup;
			children = (
				ED6D3241291C25130005FC6D /* BioModel.swift */,
			);
			path = Models;
			sourceTree = "<group>";
		};
		ED8AEEE2291818DB00C0B070 = {
			isa = PBXGroup;
			children = (
				ED8AEEED291818DB00C0B070 /* UserView */,
				ED8AEEEC291818DB00C0B070 /* Products */,
			);
			sourceTree = "<group>";
		};
		ED8AEEEC291818DB00C0B070 /* Products */ = {
			isa = PBXGroup;
			children = (
				ED8AEEEB291818DB00C0B070 /* UserView.app */,
			);
			name = Products;
			sourceTree = "<group>";
		};
		ED8AEEED291818DB00C0B070 /* UserView */ = {
			isa = PBXGroup;
			children = (
				ED6D324A291C44B50005FC6D /* Models */,
				ED6D3247291C44210005FC6D /* Auth */,
				ED6D3248291C445C0005FC6D /* User Info */,
				ED8AEEF7291818DD00C0B070 /* Assets.xcassets */,
				ED8AEEF4291818DB00C0B070 /* Main.storyboard */,
				ED8AEEF9291818DD00C0B070 /* LaunchScreen.storyboard */,
				ED6D3249291C44900005FC6D /* App */,
				ED8AEEFC291818DD00C0B070 /* Info.plist */,
			);
			path = UserView;
			sourceTree = "<group>";
		};
/* End PBXGroup section */

/* Begin PBXNativeTarget section */
		ED8AEEEA291818DB00C0B070 /* UserView */ = {
			isa = PBXNativeTarget;
			buildConfigurationList = ED8AEEFF291818DD00C0B070 /* Build configuration list for PBXNativeTarget "UserView" */;
			buildPhases = (
				ED8AEEE7291818DB00C0B070 /* Sources */,
				ED8AEEE8291818DB00C0B070 /* Frameworks */,
				ED8AEEE9291818DB00C0B070 /* Resources */,
			);
			buildRules = (
			);
			dependencies = (
			);
			name = UserView;
			productName = UserView;
			productReference = ED8AEEEB291818DB00C0B070 /* UserView.app */;
			productType = "com.apple.product-type.application";
		};
/* End PBXNativeTarget section */

/* Begin PBXProject section */
		ED8AEEE3291818DB00C0B070 /* Project object */ = {
			isa = PBXProject;
			attributes = {
				BuildIndependentTargetsInParallel = 1;
				LastSwiftUpdateCheck = 1400;
				LastUpgradeCheck = 1400;
				TargetAttributes = {
					ED8AEEEA291818DB00C0B070 = {
						CreatedOnToolsVersion = 14.0.1;
					};
				};
			};
			buildConfigurationList = ED8AEEE6291818DB00C0B070 /* Build configuration list for PBXProject "UserView" */;
			compatibilityVersion = "Xcode 14.0";
			developmentRegion = en;
			hasScannedForEncodings = 0;
			knownRegions = (
				en,
				Base,
			);
			mainGroup = ED8AEEE2291818DB00C0B070;
			productRefGroup = ED8AEEEC291818DB00C0B070 /* Products */;
			projectDirPath = "";
			projectRoot = "";
			targets = (
				ED8AEEEA291818DB00C0B070 /* UserView */,
			);
		};
/* End PBXProject section */

/* Begin PBXResourcesBuildPhase section */
		ED8AEEE9291818DB00C0B070 /* Resources */ = {
			isa = PBXResourcesBuildPhase;
			buildActionMask = 2147483647;
			files = (
				ED8AEEFB291818DD00C0B070 /* LaunchScreen.storyboard in Resources */,
				ED8AEEF8291818DD00C0B070 /* Assets.xcassets in Resources */,
				ED8AEEF6291818DB00C0B070 /* Main.storyboard in Resources */,
			);
			runOnlyForDeploymentPostprocessing = 0;
		};
/* End PBXResourcesBuildPhase section */

/* Begin PBXSourcesBuildPhase section */
		ED8AEEE7291818DB00C0B070 /* Sources */ = {
			isa = PBXSourcesBuildPhase;
			buildActionMask = 2147483647;
			files = (
				ED6D3246291C34E30005FC6D /* BioViewController.swift in Sources */,
				ED8AEEF3291818DB00C0B070 /* LoginViewController.swift in Sources */,
				ED8AEF032918274D00C0B070 /* WelcomeViewController.swift in Sources */,
				ED6D324C291C46650005FC6D /* Extensions.swift in Sources */,
				ED8AEEEF291818DB00C0B070 /* AppDelegate.swift in Sources */,
				ED6D3244291C34AD0005FC6D /* ResumeViewController.swift in Sources */,
				ED6D3242291C25130005FC6D /* BioModel.swift in Sources */,
				ED8AEEF1291818DB00C0B070 /* SceneDelegate.swift in Sources */,
			);
			runOnlyForDeploymentPostprocessing = 0;
		};
/* End PBXSourcesBuildPhase section */

/* Begin PBXVariantGroup section */
		ED8AEEF4291818DB00C0B070 /* Main.storyboard */ = {
			isa = PBXVariantGroup;
			children = (
				ED8AEEF5291818DB00C0B070 /* Base */,
			);
			name = Main.storyboard;
			sourceTree = "<group>";
		};
		ED8AEEF9291818DD00C0B070 /* LaunchScreen.storyboard */ = {
			isa = PBXVariantGroup;
			children = (
				ED8AEEFA291818DD00C0B070 /* Base */,
			);
			name = LaunchScreen.storyboard;
			sourceTree = "<group>";
		};
/* End PBXVariantGroup section */

/* Begin XCBuildConfiguration section */
		ED8AEEFD291818DD00C0B070 /* Debug */ = {
			isa = XCBuildConfiguration;
			buildSettings = {
				ALWAYS_SEARCH_USER_PATHS = NO;
				CLANG_ANALYZER_NONNULL = YES;
				CLANG_ANALYZER_NUMBER_OBJECT_CONVERSION = YES_AGGRESSIVE;
				CLANG_CXX_LANGUAGE_STANDARD = "gnu++20";
				CLANG_ENABLE_MODULES = YES;
				CLANG_ENABLE_OBJC_ARC = YES;
				CLANG_ENABLE_OBJC_WEAK = YES;
				CLANG_WARN_BLOCK_CAPTURE_AUTORELEASING = YES;
				CLANG_WARN_BOOL_CONVERSION = YES;
				CLANG_WARN_COMMA = YES;
				CLANG_WARN_CONSTANT_CONVERSION = YES;
				CLANG_WARN_DEPRECATED_OBJC_IMPLEMENTATIONS = YES;
				CLANG_WARN_DIRECT_OBJC_ISA_USAGE = YES_ERROR;
				CLANG_WARN_DOCUMENTATION_COMMENTS = YES;
				CLANG_WARN_EMPTY_BODY = YES;
				CLANG_WARN_ENUM_CONVERSION = YES;
				CLANG_WARN_INFINITE_RECURSION = YES;
				CLANG_WARN_INT_CONVERSION = YES;
				CLANG_WARN_NON_LITERAL_NULL_CONVERSION = YES;
				CLANG_WARN_OBJC_IMPLICIT_RETAIN_SELF = YES;
				CLANG_WARN_OBJC_LITERAL_CONVERSION = YES;
				CLANG_WARN_OBJC_ROOT_CLASS = YES_ERROR;
				CLANG_WARN_QUOTED_INCLUDE_IN_FRAMEWORK_HEADER = YES;
				CLANG_WARN_RANGE_LOOP_ANALYSIS = YES;
				CLANG_WARN_STRICT_PROTOTYPES = YES;
				CLANG_WARN_SUSPICIOUS_MOVE = YES;
				CLANG_WARN_UNGUARDED_AVAILABILITY = YES_AGGRESSIVE;
				CLANG_WARN_UNREACHABLE_CODE = YES;
				CLANG_WARN__DUPLICATE_METHOD_MATCH = YES;
				COPY_PHASE_STRIP = NO;
				DEBUG_INFORMATION_FORMAT = dwarf;
				ENABLE_STRICT_OBJC_MSGSEND = YES;
				ENABLE_TESTABILITY = YES;
				GCC_C_LANGUAGE_STANDARD = gnu11;
				GCC_DYNAMIC_NO_PIC = NO;
				GCC_NO_COMMON_BLOCKS = YES;
				GCC_OPTIMIZATION_LEVEL = 0;
				GCC_PREPROCESSOR_DEFINITIONS = (
					"DEBUG=1",
					"$(inherited)",
				);
				GCC_WARN_64_TO_32_BIT_CONVERSION = YES;
				GCC_WARN_ABOUT_RETURN_TYPE = YES_ERROR;
				GCC_WARN_UNDECLARED_SELECTOR = YES;
				GCC_WARN_UNINITIALIZED_AUTOS = YES_AGGRESSIVE;
				GCC_WARN_UNUSED_FUNCTION = YES;
				GCC_WARN_UNUSED_VARIABLE = YES;
				IPHONEOS_DEPLOYMENT_TARGET = 16.0;
				MTL_ENABLE_DEBUG_INFO = INCLUDE_SOURCE;
				MTL_FAST_MATH = YES;
				ONLY_ACTIVE_ARCH = YES;
				SDKROOT = iphoneos;
				SWIFT_ACTIVE_COMPILATION_CONDITIONS = DEBUG;
				SWIFT_OPTIMIZATION_LEVEL = "-Onone";
			};
			name = Debug;
		};
		ED8AEEFE291818DD00C0B070 /* Release */ = {
			isa = XCBuildConfiguration;
			buildSettings = {
				ALWAYS_SEARCH_USER_PATHS = NO;
				CLANG_ANALYZER_NONNULL = YES;
				CLANG_ANALYZER_NUMBER_OBJECT_CONVERSION = YES_AGGRESSIVE;
				CLANG_CXX_LANGUAGE_STANDARD = "gnu++20";
				CLANG_ENABLE_MODULES = YES;
				CLANG_ENABLE_OBJC_ARC = YES;
				CLANG_ENABLE_OBJC_WEAK = YES;
				CLANG_WARN_BLOCK_CAPTURE_AUTORELEASING = YES;
				CLANG_WARN_BOOL_CONVERSION = YES;
				CLANG_WARN_COMMA = YES;
				CLANG_WARN_CONSTANT_CONVERSION = YES;
				CLANG_WARN_DEPRECATED_OBJC_IMPLEMENTATIONS = YES;
				CLANG_WARN_DIRECT_OBJC_ISA_USAGE = YES_ERROR;
				CLANG_WARN_DOCUMENTATION_COMMENTS = YES;
				CLANG_WARN_EMPTY_BODY = YES;
				CLANG_WARN_ENUM_CONVERSION = YES;
				CLANG_WARN_INFINITE_RECURSION = YES;
				CLANG_WARN_INT_CONVERSION = YES;
				CLANG_WARN_NON_LITERAL_NULL_CONVERSION = YES;
				CLANG_WARN_OBJC_IMPLICIT_RETAIN_SELF = YES;
				CLANG_WARN_OBJC_LITERAL_CONVERSION = YES;
				CLANG_WARN_OBJC_ROOT_CLASS = YES_ERROR;
				CLANG_WARN_QUOTED_INCLUDE_IN_FRAMEWORK_HEADER = YES;
				CLANG_WARN_RANGE_LOOP_ANALYSIS = YES;
				CLANG_WARN_STRICT_PROTOTYPES = YES;
				CLANG_WARN_SUSPICIOUS_MOVE = YES;
				CLANG_WARN_UNGUARDED_AVAILABILITY = YES_AGGRESSIVE;
				CLANG_WARN_UNREACHABLE_CODE = YES;
				CLANG_WARN__DUPLICATE_METHOD_MATCH = YES;
				COPY_PHASE_STRIP = NO;
				DEBUG_INFORMATION_FORMAT = "dwarf-with-dsym";
				ENABLE_NS_ASSERTIONS = NO;
				ENABLE_STRICT_OBJC_MSGSEND = YES;
				GCC_C_LANGUAGE_STANDARD = gnu11;
				GCC_NO_COMMON_BLOCKS = YES;
				GCC_WARN_64_TO_32_BIT_CONVERSION = YES;
				GCC_WARN_ABOUT_RETURN_TYPE = YES_ERROR;
				GCC_WARN_UNDECLARED_SELECTOR = YES;
				GCC_WARN_UNINITIALIZED_AUTOS = YES_AGGRESSIVE;
				GCC_WARN_UNUSED_FUNCTION = YES;
				GCC_WARN_UNUSED_VARIABLE = YES;
				IPHONEOS_DEPLOYMENT_TARGET = 16.0;
				MTL_ENABLE_DEBUG_INFO = NO;
				MTL_FAST_MATH = YES;
				SDKROOT = iphoneos;
				SWIFT_COMPILATION_MODE = wholemodule;
				SWIFT_OPTIMIZATION_LEVEL = "-O";
				VALIDATE_PRODUCT = YES;
			};
			name = Release;
		};
		ED8AEF00291818DD00C0B070 /* Debug */ = {
			isa = XCBuildConfiguration;
			buildSettings = {
				ASSETCATALOG_COMPILER_APPICON_NAME = AppIcon;
				ASSETCATALOG_COMPILER_GLOBAL_ACCENT_COLOR_NAME = AccentColor;
				CODE_SIGN_STYLE = Automatic;
				CURRENT_PROJECT_VERSION = 1;
				DEVELOPMENT_TEAM = YQF2HL47X2;
				GENERATE_INFOPLIST_FILE = YES;
				INFOPLIST_FILE = UserView/Info.plist;
				INFOPLIST_KEY_UIApplicationSupportsIndirectInputEvents = YES;
				INFOPLIST_KEY_UILaunchStoryboardName = LaunchScreen;
				INFOPLIST_KEY_UIMainStoryboardFile = Main;
				INFOPLIST_KEY_UISupportedInterfaceOrientations_iPad = "UIInterfaceOrientationPortrait UIInterfaceOrientationPortraitUpsideDown UIInterfaceOrientationLandscapeLeft UIInterfaceOrientationLandscapeRight";
				INFOPLIST_KEY_UISupportedInterfaceOrientations_iPhone = "UIInterfaceOrientationPortrait UIInterfaceOrientationLandscapeLeft UIInterfaceOrientationLandscapeRight";
				LD_RUNPATH_SEARCH_PATHS = (
					"$(inherited)",
					"@executable_path/Frameworks",
				);
				MARKETING_VERSION = 1.0;
				PRODUCT_BUNDLE_IDENTIFIER = "Artem-Peshkov.UserView";
				PRODUCT_NAME = "$(TARGET_NAME)";
				SWIFT_EMIT_LOC_STRINGS = YES;
				SWIFT_VERSION = 5.0;
				TARGETED_DEVICE_FAMILY = "1,2";
			};
			name = Debug;
		};
		ED8AEF01291818DD00C0B070 /* Release */ = {
			isa = XCBuildConfiguration;
			buildSettings = {
				ASSETCATALOG_COMPILER_APPICON_NAME = AppIcon;
				ASSETCATALOG_COMPILER_GLOBAL_ACCENT_COLOR_NAME = AccentColor;
				CODE_SIGN_STYLE = Automatic;
				CURRENT_PROJECT_VERSION = 1;
				DEVELOPMENT_TEAM = YQF2HL47X2;
				GENERATE_INFOPLIST_FILE = YES;
				INFOPLIST_FILE = UserView/Info.plist;
				INFOPLIST_KEY_UIApplicationSupportsIndirectInputEvents = YES;
				INFOPLIST_KEY_UILaunchStoryboardName = LaunchScreen;
				INFOPLIST_KEY_UIMainStoryboardFile = Main;
				INFOPLIST_KEY_UISupportedInterfaceOrientations_iPad = "UIInterfaceOrientationPortrait UIInterfaceOrientationPortraitUpsideDown UIInterfaceOrientationLandscapeLeft UIInterfaceOrientationLandscapeRight";
				INFOPLIST_KEY_UISupportedInterfaceOrientations_iPhone = "UIInterfaceOrientationPortrait UIInterfaceOrientationLandscapeLeft UIInterfaceOrientationLandscapeRight";
				LD_RUNPATH_SEARCH_PATHS = (
					"$(inherited)",
					"@executable_path/Frameworks",
				);
				MARKETING_VERSION = 1.0;
				PRODUCT_BUNDLE_IDENTIFIER = "Artem-Peshkov.UserView";
				PRODUCT_NAME = "$(TARGET_NAME)";
				SWIFT_EMIT_LOC_STRINGS = YES;
				SWIFT_VERSION = 5.0;
				TARGETED_DEVICE_FAMILY = "1,2";
			};
			name = Release;
		};
/* End XCBuildConfiguration section */

/* Begin XCConfigurationList section */
		ED8AEEE6291818DB00C0B070 /* Build configuration list for PBXProject "UserView" */ = {
			isa = XCConfigurationList;
			buildConfigurations = (
				ED8AEEFD291818DD00C0B070 /* Debug */,
				ED8AEEFE291818DD00C0B070 /* Release */,
			);
			defaultConfigurationIsVisible = 0;
			defaultConfigurationName = Release;
		};
		ED8AEEFF291818DD00C0B070 /* Build configuration list for PBXNativeTarget "UserView" */ = {
			isa = XCConfigurationList;
			buildConfigurations = (
				ED8AEF00291818DD00C0B070 /* Debug */,
				ED8AEF01291818DD00C0B070 /* Release */,
			);
			defaultConfigurationIsVisible = 0;
			defaultConfigurationName = Release;
		};
/* End XCConfigurationList section */
	};
	rootObject = ED8AEEE3291818DB00C0B070 /* Project object */;
}
